
Microsoft Visual Studio Solution File, Format Version 12.00
# Visual Studio Version 17
VisualStudioVersion = 17.4.33110.190
MinimumVisualStudioVersion = 10.0.40219.1
Project("{9A19103F-16F7-4668-BE54-9A1E7A4F7556}") = "ChatAndFileShare", "ChatAndFileShare\ChatAndFileShare.csproj", "{65AE8B18-D6E7-45E0-A814-64AF9BC8A76A}"
EndProject
Global
	GlobalSection(SolutionConfigurationPlatforms) = preSolution
		Debug|Any CPU = Debug|Any CPU
		Release|Any CPU = Release|Any CPU
	EndGlobalSection
	GlobalSection(ProjectConfigurationPlatforms) = postSolution
		{65AE8B18-D6E7-45E0-A814-64AF9BC8A76A}.Debug|Any CPU.ActiveCfg = Debug|Any CPU
		{65AE8B18-D6E7-45E0-A814-64AF9BC8A76A}.Debug|Any CPU.Build.0 = Debug|Any CPU
		{65AE8B18-D6E7-45E0-A814-64AF9BC8A76A}.Release|Any CPU.ActiveCfg = Release|Any CPU
		{65AE8B18-D6E7-45E0-A814-64AF9BC8A76A}.Release|Any CPU.Build.0 = Release|Any CPU
	EndGlobalSection
	GlobalSection(SolutionProperties) = preSolution
		HideSolutionNode = FALSE
	EndGlobalSection
	GlobalSection(ExtensibilityGlobals) = postSolution
		SolutionGuid = {90DD0F51-606F-46A5-9A2E-8CE617A41B4F}
	EndGlobalSection
EndGlobal
